
Microsoft Visual Studio Solution File, Format Version 12.00
# Visual Studio Version 16
VisualStudioVersion = 16.0.30002.166
MinimumVisualStudioVersion = 10.0.40219.1
Project("{FAE04EC0-301F-11D3-BF4B-00C04F79EFBC}") = "MangaOrganizer", "MangaOrganizer.csproj", "{67DC3EEA-8BF7-4161-92F4-6C71249973EB}"
EndProject
Global
	GlobalSection(SolutionConfigurationPlatforms) = preSolution
		Debug|Any CPU = Debug|Any CPU
		Release|Any CPU = Release|Any CPU
	EndGlobalSection
	GlobalSection(ProjectConfigurationPlatforms) = postSolution
		{67DC3EEA-8BF7-4161-92F4-6C71249973EB}.Debug|Any CPU.ActiveCfg = Debug|Any CPU
		{67DC3EEA-8BF7-4161-92F4-6C71249973EB}.Debug|Any CPU.Build.0 = Debug|Any CPU
		{67DC3EEA-8BF7-4161-92F4-6C71249973EB}.Release|Any CPU.ActiveCfg = Release|Any CPU
		{67DC3EEA-8BF7-4161-92F4-6C71249973EB}.Release|Any CPU.Build.0 = Release|Any CPU
	EndGlobalSection
	GlobalSection(SolutionProperties) = preSolution
		HideSolutionNode = FALSE
	EndGlobalSection
	GlobalSection(ExtensibilityGlobals) = postSolution
		SolutionGuid = {8C09FB41-9212-44F5-B1B5-56DC3509DE09}
	EndGlobalSection
EndGlobal
